
Microsoft Visual Studio Solution File, Format Version 12.00
# Visual Studio Version 16
VisualStudioVersion = 16.0.29806.167
MinimumVisualStudioVersion = 10.0.40219.1
Project("{9A19103F-16F7-4668-BE54-9A1E7A4F7556}") = "KrxMusicStation", "KrxMusicStation\KrxMusicStation.csproj", "{3A2F7D1F-973D-4E7A-9558-7B0D010941FA}"
EndProject
Project("{9A19103F-16F7-4668-BE54-9A1E7A4F7556}") = "KrxMusicStation.Data", "KrxMusicStation.Data\KrxMusicStation.Data.csproj", "{706677BC-4926-405B-93BE-239A4EB689F6}"
EndProject
Global
	GlobalSection(SolutionConfigurationPlatforms) = preSolution
		Debug|Any CPU = Debug|Any CPU
		Release|Any CPU = Release|Any CPU
	EndGlobalSection
	GlobalSection(ProjectConfigurationPlatforms) = postSolution
		{3A2F7D1F-973D-4E7A-9558-7B0D010941FA}.Debug|Any CPU.ActiveCfg = Debug|Any CPU
		{3A2F7D1F-973D-4E7A-9558-7B0D010941FA}.Debug|Any CPU.Build.0 = Debug|Any CPU
		{3A2F7D1F-973D-4E7A-9558-7B0D010941FA}.Release|Any CPU.ActiveCfg = Release|Any CPU
		{3A2F7D1F-973D-4E7A-9558-7B0D010941FA}.Release|Any CPU.Build.0 = Release|Any CPU
		{706677BC-4926-405B-93BE-239A4EB689F6}.Debug|Any CPU.ActiveCfg = Debug|Any CPU
		{706677BC-4926-405B-93BE-239A4EB689F6}.Debug|Any CPU.Build.0 = Debug|Any CPU
		{706677BC-4926-405B-93BE-239A4EB689F6}.Release|Any CPU.ActiveCfg = Release|Any CPU
		{706677BC-4926-405B-93BE-239A4EB689F6}.Release|Any CPU.Build.0 = Release|Any CPU
	EndGlobalSection
	GlobalSection(SolutionProperties) = preSolution
		HideSolutionNode = FALSE
	EndGlobalSection
	GlobalSection(ExtensibilityGlobals) = postSolution
		SolutionGuid = {D3E345CF-D178-41FE-8C53-A17E7EC35732}
	EndGlobalSection
EndGlobal
